
Microsoft Visual Studio Solution File, Format Version 12.00
# Visual Studio Version 17
VisualStudioVersion = 17.5.33530.505
MinimumVisualStudioVersion = 10.0.40219.1
Project("{FAE04EC0-301F-11D3-BF4B-00C04F79EFBC}") = "WebFormForAirportPassengerRegistry", "WebFormForAirportPassengerRegistry\WebFormForAirportPassengerRegistry.csproj", "{552E2FC8-52A7-49DD-A363-09F6FA7337EE}"
EndProject
Global
	GlobalSection(SolutionConfigurationPlatforms) = preSolution
		Debug|Any CPU = Debug|Any CPU
		Release|Any CPU = Release|Any CPU
	EndGlobalSection
	GlobalSection(ProjectConfigurationPlatforms) = postSolution
		{552E2FC8-52A7-49DD-A363-09F6FA7337EE}.Debug|Any CPU.ActiveCfg = Debug|Any CPU
		{552E2FC8-52A7-49DD-A363-09F6FA7337EE}.Debug|Any CPU.Build.0 = Debug|Any CPU
		{552E2FC8-52A7-49DD-A363-09F6FA7337EE}.Release|Any CPU.ActiveCfg = Release|Any CPU
		{552E2FC8-52A7-49DD-A363-09F6FA7337EE}.Release|Any CPU.Build.0 = Release|Any CPU
	EndGlobalSection
	GlobalSection(SolutionProperties) = preSolution
		HideSolutionNode = FALSE
	EndGlobalSection
	GlobalSection(ExtensibilityGlobals) = postSolution
		SolutionGuid = {F958FA83-40BC-49C7-A02D-34D8454AAD24}
	EndGlobalSection
EndGlobal
